// !$*UTF8*$!
{
	archiveVersion = 1;
	classes = {
	};
	objectVersion = 56;
	objects = {

/* Begin PBXBuildFile section */
		5502BDF329D454C30071F585 /* BaseViewModel.swift in Sources */ = {isa = PBXBuildFile; fileRef = 5502BDF229D454C30071F585 /* BaseViewModel.swift */; };
		5502BDF529D454E60071F585 /* BaseViewStates.swift in Sources */ = {isa = PBXBuildFile; fileRef = 5502BDF429D454E60071F585 /* BaseViewStates.swift */; };
		5502BDF729D455330071F585 /* HomeViewModel.swift in Sources */ = {isa = PBXBuildFile; fileRef = 5502BDF629D455330071F585 /* HomeViewModel.swift */; };
		5502BDF929D455990071F585 /* HomeViewStates.swift in Sources */ = {isa = PBXBuildFile; fileRef = 5502BDF829D455990071F585 /* HomeViewStates.swift */; };
		5502BDFF29D45C0D0071F585 /* NewsCell.swift in Sources */ = {isa = PBXBuildFile; fileRef = 5502BDFE29D45C0D0071F585 /* NewsCell.swift */; };
		5502BE0629D474880071F585 /* StaggeredGrid.swift in Sources */ = {isa = PBXBuildFile; fileRef = 5502BE0529D474880071F585 /* StaggeredGrid.swift */; };
		552827D229C0983400917F95 /* AppViewBuilder.swift in Sources */ = {isa = PBXBuildFile; fileRef = 552827D129C0983400917F95 /* AppViewBuilder.swift */; };
		552827D429C0985D00917F95 /* Endpoints.swift in Sources */ = {isa = PBXBuildFile; fileRef = 552827D329C0985D00917F95 /* Endpoints.swift */; };
		552827D629C098A500917F95 /* RequestMethods.swift in Sources */ = {isa = PBXBuildFile; fileRef = 552827D529C098A500917F95 /* RequestMethods.swift */; };
		552827D829C09D7000917F95 /* Countries.swift in Sources */ = {isa = PBXBuildFile; fileRef = 552827D729C09D7000917F95 /* Countries.swift */; };
		552827DA29C09EE300917F95 /* HttpClient.swift in Sources */ = {isa = PBXBuildFile; fileRef = 552827D929C09EE300917F95 /* HttpClient.swift */; };
		552827DC29C09EF500917F95 /* Services.swift in Sources */ = {isa = PBXBuildFile; fileRef = 552827DB29C09EF500917F95 /* Services.swift */; };
		552827DF29C09F4300917F95 /* ServiceModel.swift in Sources */ = {isa = PBXBuildFile; fileRef = 552827DE29C09F4300917F95 /* ServiceModel.swift */; };
		5558000429DC45DB00D51A29 /* Mockable.swift in Sources */ = {isa = PBXBuildFile; fileRef = 5558000329DC45DB00D51A29 /* Mockable.swift */; };
		5558000729DC461A00D51A29 /* MockHttpClient.swift in Sources */ = {isa = PBXBuildFile; fileRef = 5558000629DC461A00D51A29 /* MockHttpClient.swift */; };
		5558000A29DC52D900D51A29 /* HomeViewModelTest.swift in Sources */ = {isa = PBXBuildFile; fileRef = 5558000929DC52D900D51A29 /* HomeViewModelTest.swift */; };
		5558FFFB29DC453300D51A29 /* DunbleNewsTests.swift in Sources */ = {isa = PBXBuildFile; fileRef = 5558FFFA29DC453300D51A29 /* DunbleNewsTests.swift */; };
		555D57A729D71BB2001D46C8 /* NewsListView.swift in Sources */ = {isa = PBXBuildFile; fileRef = 555D57A629D71BB2001D46C8 /* NewsListView.swift */; };
		555D57AB29D71FB2001D46C8 /* CustomStateView.swift in Sources */ = {isa = PBXBuildFile; fileRef = 555D57AA29D71FB2001D46C8 /* CustomStateView.swift */; };
		555D57AD29D72033001D46C8 /* NewsCellItem.swift in Sources */ = {isa = PBXBuildFile; fileRef = 555D57AC29D72033001D46C8 /* NewsCellItem.swift */; };
		555D57B029D724FD001D46C8 /* SelectedDiscoverView.swift in Sources */ = {isa = PBXBuildFile; fileRef = 555D57AF29D724FD001D46C8 /* SelectedDiscoverView.swift */; };
		555D57B229D7250A001D46C8 /* SelectedDiscoverViewModel.swift in Sources */ = {isa = PBXBuildFile; fileRef = 555D57B129D7250A001D46C8 /* SelectedDiscoverViewModel.swift */; };
		555D57B429D72511001D46C8 /* SelectedDiscoverViewStates.swift in Sources */ = {isa = PBXBuildFile; fileRef = 555D57B329D72511001D46C8 /* SelectedDiscoverViewStates.swift */; };
		556BA17B29D594AC000AFF2E /* CacheAsyncImage.swift in Sources */ = {isa = PBXBuildFile; fileRef = 556BA17A29D594AC000AFF2E /* CacheAsyncImage.swift */; };
		556BA17D29D5A782000AFF2E /* WebView.swift in Sources */ = {isa = PBXBuildFile; fileRef = 556BA17C29D5A782000AFF2E /* WebView.swift */; };
		556BA17F29D5AAA9000AFF2E /* View+Extensions.swift in Sources */ = {isa = PBXBuildFile; fileRef = 556BA17E29D5AAA9000AFF2E /* View+Extensions.swift */; };
		556BA18129D5AC6A000AFF2E /* UIView+Extension.swift in Sources */ = {isa = PBXBuildFile; fileRef = 556BA18029D5AC6A000AFF2E /* UIView+Extension.swift */; };
		556BA18329D5AC92000AFF2E /* TabbarModifier.swift in Sources */ = {isa = PBXBuildFile; fileRef = 556BA18229D5AC92000AFF2E /* TabbarModifier.swift */; };
		557F44C929D6E55A003E1D25 /* Categories.swift in Sources */ = {isa = PBXBuildFile; fileRef = 557F44C829D6E55A003E1D25 /* Categories.swift */; };
		557F44CD29D6E68F003E1D25 /* CategoriesCell.swift in Sources */ = {isa = PBXBuildFile; fileRef = 557F44CC29D6E68F003E1D25 /* CategoriesCell.swift */; };
		557F44D129D6F08E003E1D25 /* DiscoveryViewModel.swift in Sources */ = {isa = PBXBuildFile; fileRef = 557F44D029D6F08E003E1D25 /* DiscoveryViewModel.swift */; };
		557F44D329D6F0B2003E1D25 /* DiscoveryViewStates.swift in Sources */ = {isa = PBXBuildFile; fileRef = 557F44D229D6F0B2003E1D25 /* DiscoveryViewStates.swift */; };
		55966FF629D834470064E7A4 /* SearchViewModel.swift in Sources */ = {isa = PBXBuildFile; fileRef = 55966FF529D834470064E7A4 /* SearchViewModel.swift */; };
		55966FF829D834510064E7A4 /* SearchViewStates.swift in Sources */ = {isa = PBXBuildFile; fileRef = 55966FF729D834510064E7A4 /* SearchViewStates.swift */; };
		55966FFD29D84C220064E7A4 /* Date+Extension.swift in Sources */ = {isa = PBXBuildFile; fileRef = 55966FFC29D84C220064E7A4 /* Date+Extension.swift */; };
		55966FFF29D84C5C0064E7A4 /* String+Extension.swift in Sources */ = {isa = PBXBuildFile; fileRef = 55966FFE29D84C5C0064E7A4 /* String+Extension.swift */; };
		5596700129D850840064E7A4 /* Color+Extension.swift in Sources */ = {isa = PBXBuildFile; fileRef = 5596700029D850840064E7A4 /* Color+Extension.swift */; };
		5596700929D856C80064E7A4 /* Color.swift in Sources */ = {isa = PBXBuildFile; fileRef = 5596700829D856C80064E7A4 /* Color.swift */; };
		55A48F2C29DC65E90097AAA1 /* NewsResponse.json in Resources */ = {isa = PBXBuildFile; fileRef = 55A48F2B29DC65E90097AAA1 /* NewsResponse.json */; };
		55BC00BF29C08D3D007EDFEC /* DunbleNewsApp.swift in Sources */ = {isa = PBXBuildFile; fileRef = 55BC00BE29C08D3D007EDFEC /* DunbleNewsApp.swift */; };
		55BC00C329C08D3E007EDFEC /* Assets.xcassets in Resources */ = {isa = PBXBuildFile; fileRef = 55BC00C229C08D3E007EDFEC /* Assets.xcassets */; };
		55BC00C629C08D3E007EDFEC /* Preview Assets.xcassets in Resources */ = {isa = PBXBuildFile; fileRef = 55BC00C529C08D3E007EDFEC /* Preview Assets.xcassets */; };
		55BC00D029C0909D007EDFEC /* TabItemView.swift in Sources */ = {isa = PBXBuildFile; fileRef = 55BC00CF29C0909D007EDFEC /* TabItemView.swift */; };
		55BC00D529C090F9007EDFEC /* MenuItemType.swift in Sources */ = {isa = PBXBuildFile; fileRef = 55BC00D429C090F9007EDFEC /* MenuItemType.swift */; };
		55BC00DA29C093B2007EDFEC /* TabbarView.swift in Sources */ = {isa = PBXBuildFile; fileRef = 55BC00D929C093B2007EDFEC /* TabbarView.swift */; };
		55BC00DF29C09470007EDFEC /* DiscoverView.swift in Sources */ = {isa = PBXBuildFile; fileRef = 55BC00DE29C09470007EDFEC /* DiscoverView.swift */; };
		55BC00E129C09478007EDFEC /* SearchView.swift in Sources */ = {isa = PBXBuildFile; fileRef = 55BC00E029C09478007EDFEC /* SearchView.swift */; };
		55BC00E329C09483007EDFEC /* HomeView.swift in Sources */ = {isa = PBXBuildFile; fileRef = 55BC00E229C09483007EDFEC /* HomeView.swift */; };
/* End PBXBuildFile section */

/* Begin PBXContainerItemProxy section */
		5558FFFC29DC453300D51A29 /* PBXContainerItemProxy */ = {
			isa = PBXContainerItemProxy;
			containerPortal = 55BC00B329C08D3D007EDFEC /* Project object */;
			proxyType = 1;
			remoteGlobalIDString = 55BC00BA29C08D3D007EDFEC;
			remoteInfo = DunbleNews;
		};
/* End PBXContainerItemProxy section */

/* Begin PBXFileReference section */
		5502BDF229D454C30071F585 /* BaseViewModel.swift */ = {isa = PBXFileReference; lastKnownFileType = sourcecode.swift; path = BaseViewModel.swift; sourceTree = "<group>"; };
		5502BDF429D454E60071F585 /* BaseViewStates.swift */ = {isa = PBXFileReference; lastKnownFileType = sourcecode.swift; path = BaseViewStates.swift; sourceTree = "<group>"; };
		5502BDF629D455330071F585 /* HomeViewModel.swift */ = {isa = PBXFileReference; lastKnownFileType = sourcecode.swift; path = HomeViewModel.swift; sourceTree = "<group>"; };
		5502BDF829D455990071F585 /* HomeViewStates.swift */ = {isa = PBXFileReference; lastKnownFileType = sourcecode.swift; path = HomeViewStates.swift; sourceTree = "<group>"; };
		5502BDFE29D45C0D0071F585 /* NewsCell.swift */ = {isa = PBXFileReference; lastKnownFileType = sourcecode.swift; path = NewsCell.swift; sourceTree = "<group>"; };
		5502BE0529D474880071F585 /* StaggeredGrid.swift */ = {isa = PBXFileReference; lastKnownFileType = sourcecode.swift; path = StaggeredGrid.swift; sourceTree = "<group>"; };
		552827D129C0983400917F95 /* AppViewBuilder.swift */ = {isa = PBXFileReference; lastKnownFileType = sourcecode.swift; path = AppViewBuilder.swift; sourceTree = "<group>"; };
		552827D329C0985D00917F95 /* Endpoints.swift */ = {isa = PBXFileReference; lastKnownFileType = sourcecode.swift; path = Endpoints.swift; sourceTree = "<group>"; };
		552827D529C098A500917F95 /* RequestMethods.swift */ = {isa = PBXFileReference; lastKnownFileType = sourcecode.swift; path = RequestMethods.swift; sourceTree = "<group>"; };
		552827D729C09D7000917F95 /* Countries.swift */ = {isa = PBXFileReference; lastKnownFileType = sourcecode.swift; path = Countries.swift; sourceTree = "<group>"; };
		552827D929C09EE300917F95 /* HttpClient.swift */ = {isa = PBXFileReference; lastKnownFileType = sourcecode.swift; path = HttpClient.swift; sourceTree = "<group>"; };
		552827DB29C09EF500917F95 /* Services.swift */ = {isa = PBXFileReference; lastKnownFileType = sourcecode.swift; path = Services.swift; sourceTree = "<group>"; };
		552827DE29C09F4300917F95 /* ServiceModel.swift */ = {isa = PBXFileReference; lastKnownFileType = sourcecode.swift; path = ServiceModel.swift; sourceTree = "<group>"; };
		5558000329DC45DB00D51A29 /* Mockable.swift */ = {isa = PBXFileReference; lastKnownFileType = sourcecode.swift; path = Mockable.swift; sourceTree = "<group>"; };
		5558000629DC461A00D51A29 /* MockHttpClient.swift */ = {isa = PBXFileReference; lastKnownFileType = sourcecode.swift; path = MockHttpClient.swift; sourceTree = "<group>"; };
		5558000929DC52D900D51A29 /* HomeViewModelTest.swift */ = {isa = PBXFileReference; lastKnownFileType = sourcecode.swift; path = HomeViewModelTest.swift; sourceTree = "<group>"; };
		5558FFF829DC453300D51A29 /* DunbleNewsTests.xctest */ = {isa = PBXFileReference; explicitFileType = wrapper.cfbundle; includeInIndex = 0; path = DunbleNewsTests.xctest; sourceTree = BUILT_PRODUCTS_DIR; };
		5558FFFA29DC453300D51A29 /* DunbleNewsTests.swift */ = {isa = PBXFileReference; lastKnownFileType = sourcecode.swift; path = DunbleNewsTests.swift; sourceTree = "<group>"; };
		555D57A629D71BB2001D46C8 /* NewsListView.swift */ = {isa = PBXFileReference; lastKnownFileType = sourcecode.swift; path = NewsListView.swift; sourceTree = "<group>"; };
		555D57AA29D71FB2001D46C8 /* CustomStateView.swift */ = {isa = PBXFileReference; lastKnownFileType = sourcecode.swift; path = CustomStateView.swift; sourceTree = "<group>"; };
		555D57AC29D72033001D46C8 /* NewsCellItem.swift */ = {isa = PBXFileReference; fileEncoding = 4; lastKnownFileType = sourcecode.swift; path = NewsCellItem.swift; sourceTree = "<group>"; };
		555D57AF29D724FD001D46C8 /* SelectedDiscoverView.swift */ = {isa = PBXFileReference; lastKnownFileType = sourcecode.swift; path = SelectedDiscoverView.swift; sourceTree = "<group>"; };
		555D57B129D7250A001D46C8 /* SelectedDiscoverViewModel.swift */ = {isa = PBXFileReference; lastKnownFileType = sourcecode.swift; path = SelectedDiscoverViewModel.swift; sourceTree = "<group>"; };
		555D57B329D72511001D46C8 /* SelectedDiscoverViewStates.swift */ = {isa = PBXFileReference; lastKnownFileType = sourcecode.swift; path = SelectedDiscoverViewStates.swift; sourceTree = "<group>"; };
		556BA17A29D594AC000AFF2E /* CacheAsyncImage.swift */ = {isa = PBXFileReference; lastKnownFileType = sourcecode.swift; path = CacheAsyncImage.swift; sourceTree = "<group>"; };
		556BA17C29D5A782000AFF2E /* WebView.swift */ = {isa = PBXFileReference; lastKnownFileType = sourcecode.swift; path = WebView.swift; sourceTree = "<group>"; };
		556BA17E29D5AAA9000AFF2E /* View+Extensions.swift */ = {isa = PBXFileReference; lastKnownFileType = sourcecode.swift; path = "View+Extensions.swift"; sourceTree = "<group>"; };
		556BA18029D5AC6A000AFF2E /* UIView+Extension.swift */ = {isa = PBXFileReference; lastKnownFileType = sourcecode.swift; path = "UIView+Extension.swift"; sourceTree = "<group>"; };
		556BA18229D5AC92000AFF2E /* TabbarModifier.swift */ = {isa = PBXFileReference; lastKnownFileType = sourcecode.swift; path = TabbarModifier.swift; sourceTree = "<group>"; };
		556BA18429D5B7EB000AFF2E /* Info.plist */ = {isa = PBXFileReference; lastKnownFileType = text.plist; path = Info.plist; sourceTree = "<group>"; };
		557F44C829D6E55A003E1D25 /* Categories.swift */ = {isa = PBXFileReference; lastKnownFileType = sourcecode.swift; path = Categories.swift; sourceTree = "<group>"; };
		557F44CC29D6E68F003E1D25 /* CategoriesCell.swift */ = {isa = PBXFileReference; lastKnownFileType = sourcecode.swift; path = CategoriesCell.swift; sourceTree = "<group>"; };
		557F44D029D6F08E003E1D25 /* DiscoveryViewModel.swift */ = {isa = PBXFileReference; lastKnownFileType = sourcecode.swift; path = DiscoveryViewModel.swift; sourceTree = "<group>"; };
		557F44D229D6F0B2003E1D25 /* DiscoveryViewStates.swift */ = {isa = PBXFileReference; lastKnownFileType = sourcecode.swift; path = DiscoveryViewStates.swift; sourceTree = "<group>"; };
		55966FF529D834470064E7A4 /* SearchViewModel.swift */ = {isa = PBXFileReference; lastKnownFileType = sourcecode.swift; path = SearchViewModel.swift; sourceTree = "<group>"; };
		55966FF729D834510064E7A4 /* SearchViewStates.swift */ = {isa = PBXFileReference; lastKnownFileType = sourcecode.swift; path = SearchViewStates.swift; sourceTree = "<group>"; };
		55966FFC29D84C220064E7A4 /* Date+Extension.swift */ = {isa = PBXFileReference; lastKnownFileType = sourcecode.swift; path = "Date+Extension.swift"; sourceTree = "<group>"; };
		55966FFE29D84C5C0064E7A4 /* String+Extension.swift */ = {isa = PBXFileReference; lastKnownFileType = sourcecode.swift; path = "String+Extension.swift"; sourceTree = "<group>"; };
		5596700029D850840064E7A4 /* Color+Extension.swift */ = {isa = PBXFileReference; lastKnownFileType = sourcecode.swift; path = "Color+Extension.swift"; sourceTree = "<group>"; };
		5596700829D856C80064E7A4 /* Color.swift */ = {isa = PBXFileReference; lastKnownFileType = sourcecode.swift; path = Color.swift; sourceTree = "<group>"; };
		55A48F2B29DC65E90097AAA1 /* NewsResponse.json */ = {isa = PBXFileReference; lastKnownFileType = text.json; path = NewsResponse.json; sourceTree = "<group>"; };
		55BC00BB29C08D3D007EDFEC /* DunbleNews.app */ = {isa = PBXFileReference; explicitFileType = wrapper.application; includeInIndex = 0; path = DunbleNews.app; sourceTree = BUILT_PRODUCTS_DIR; };
		55BC00BE29C08D3D007EDFEC /* DunbleNewsApp.swift */ = {isa = PBXFileReference; lastKnownFileType = sourcecode.swift; path = DunbleNewsApp.swift; sourceTree = "<group>"; };
		55BC00C229C08D3E007EDFEC /* Assets.xcassets */ = {isa = PBXFileReference; lastKnownFileType = folder.assetcatalog; path = Assets.xcassets; sourceTree = "<group>"; };
		55BC00C529C08D3E007EDFEC /* Preview Assets.xcassets */ = {isa = PBXFileReference; lastKnownFileType = folder.assetcatalog; path = "Preview Assets.xcassets"; sourceTree = "<group>"; };
		55BC00CF29C0909D007EDFEC /* TabItemView.swift */ = {isa = PBXFileReference; lastKnownFileType = sourcecode.swift; path = TabItemView.swift; sourceTree = "<group>"; };
		55BC00D429C090F9007EDFEC /* MenuItemType.swift */ = {isa = PBXFileReference; lastKnownFileType = sourcecode.swift; path = MenuItemType.swift; sourceTree = "<group>"; };
		55BC00D929C093B2007EDFEC /* TabbarView.swift */ = {isa = PBXFileReference; lastKnownFileType = sourcecode.swift; path = TabbarView.swift; sourceTree = "<group>"; };
		55BC00DE29C09470007EDFEC /* DiscoverView.swift */ = {isa = PBXFileReference; lastKnownFileType = sourcecode.swift; path = DiscoverView.swift; sourceTree = "<group>"; };
		55BC00E029C09478007EDFEC /* SearchView.swift */ = {isa = PBXFileReference; lastKnownFileType = sourcecode.swift; path = SearchView.swift; sourceTree = "<group>"; };
		55BC00E229C09483007EDFEC /* HomeView.swift */ = {isa = PBXFileReference; lastKnownFileType = sourcecode.swift; path = HomeView.swift; sourceTree = "<group>"; };
/* End PBXFileReference section */

/* Begin PBXFrameworksBuildPhase section */
		5558FFF529DC453300D51A29 /* Frameworks */ = {
			isa = PBXFrameworksBuildPhase;
			buildActionMask = 2147483647;
			files = (
			);
			runOnlyForDeploymentPostprocessing = 0;
		};
		55BC00B829C08D3D007EDFEC /* Frameworks */ = {
			isa = PBXFrameworksBuildPhase;
			buildActionMask = 2147483647;
			files = (
			);
			runOnlyForDeploymentPostprocessing = 0;
		};
/* End PBXFrameworksBuildPhase section */

/* Begin PBXGroup section */
		5502BDF129D4549C0071F585 /* BaseViewModel */ = {
			isa = PBXGroup;
			children = (
				5502BDF229D454C30071F585 /* BaseViewModel.swift */,
				5502BDF429D454E60071F585 /* BaseViewStates.swift */,
			);
			path = BaseViewModel;
			sourceTree = "<group>";
		};
		5502BE0229D4629E0071F585 /* Extensions */ = {
			isa = PBXGroup;
			children = (
				556BA17E29D5AAA9000AFF2E /* View+Extensions.swift */,
				556BA18029D5AC6A000AFF2E /* UIView+Extension.swift */,
				55966FFC29D84C220064E7A4 /* Date+Extension.swift */,
				55966FFE29D84C5C0064E7A4 /* String+Extension.swift */,
				5596700029D850840064E7A4 /* Color+Extension.swift */,
			);
			path = Extensions;
			sourceTree = "<group>";
		};
		552827CC29C0974600917F95 /* Service */ = {
			isa = PBXGroup;
			children = (
				552827D329C0985D00917F95 /* Endpoints.swift */,
				552827D529C098A500917F95 /* RequestMethods.swift */,
				552827D929C09EE300917F95 /* HttpClient.swift */,
				552827DB29C09EF500917F95 /* Services.swift */,
			);
			path = Service;
			sourceTree = "<group>";
		};
		552827CD29C0977000917F95 /* Views */ = {
			isa = PBXGroup;
			children = (
				552827D029C097A200917F95 /* Modifiers */,
				552827CF29C0979500917F95 /* Cells */,
				552827CE29C0978B00917F95 /* CustomViews */,
			);
			path = Views;
			sourceTree = "<group>";
		};
		552827CE29C0978B00917F95 /* CustomViews */ = {
			isa = PBXGroup;
			children = (
				55BC00CF29C0909D007EDFEC /* TabItemView.swift */,
				5502BE0529D474880071F585 /* StaggeredGrid.swift */,
				556BA17A29D594AC000AFF2E /* CacheAsyncImage.swift */,
				556BA17C29D5A782000AFF2E /* WebView.swift */,
				555D57A629D71BB2001D46C8 /* NewsListView.swift */,
				555D57AA29D71FB2001D46C8 /* CustomStateView.swift */,
			);
			name = CustomViews;
			sourceTree = "<group>";
		};
		552827CF29C0979500917F95 /* Cells */ = {
			isa = PBXGroup;
			children = (
				557F44CB29D6E67E003E1D25 /* CategoriesCell */,
				557F44CA29D6E676003E1D25 /* NewsCell */,
			);
			name = Cells;
			sourceTree = "<group>";
		};
		552827D029C097A200917F95 /* Modifiers */ = {
			isa = PBXGroup;
			children = (
				552827D129C0983400917F95 /* AppViewBuilder.swift */,
				556BA18229D5AC92000AFF2E /* TabbarModifier.swift */,
				5596700829D856C80064E7A4 /* Color.swift */,
			);
			name = Modifiers;
			sourceTree = "<group>";
		};
		552827DD29C09F3000917F95 /* ServiceModels */ = {
			isa = PBXGroup;
			children = (
				552827DE29C09F4300917F95 /* ServiceModel.swift */,
			);
			path = ServiceModels;
			sourceTree = "<group>";
		};
		5558000229DC45D000D51A29 /* MockData */ = {
			isa = PBXGroup;
			children = (
				5558000329DC45DB00D51A29 /* Mockable.swift */,
				55A48F2B29DC65E90097AAA1 /* NewsResponse.json */,
			);
			path = MockData;
			sourceTree = "<group>";
		};
		5558000529DC460900D51A29 /* Network */ = {
			isa = PBXGroup;
			children = (
				5558000629DC461A00D51A29 /* MockHttpClient.swift */,
			);
			path = Network;
			sourceTree = "<group>";
		};
		5558000829DC52BE00D51A29 /* ViewModelTest */ = {
			isa = PBXGroup;
			children = (
				5558000929DC52D900D51A29 /* HomeViewModelTest.swift */,
			);
			path = ViewModelTest;
			sourceTree = "<group>";
		};
		5558FFF929DC453300D51A29 /* DunbleNewsTests */ = {
			isa = PBXGroup;
			children = (
				5558000829DC52BE00D51A29 /* ViewModelTest */,
				5558000529DC460900D51A29 /* Network */,
				5558000229DC45D000D51A29 /* MockData */,
				5558FFFA29DC453300D51A29 /* DunbleNewsTests.swift */,
			);
			path = DunbleNewsTests;
			sourceTree = "<group>";
		};
		555D57AE29D724E4001D46C8 /* SelectedDiscoverView */ = {
			isa = PBXGroup;
			children = (
				555D57AF29D724FD001D46C8 /* SelectedDiscoverView.swift */,
				555D57B129D7250A001D46C8 /* SelectedDiscoverViewModel.swift */,
				555D57B329D72511001D46C8 /* SelectedDiscoverViewStates.swift */,
			);
			path = SelectedDiscoverView;
			sourceTree = "<group>";
		};
		557F44CA29D6E676003E1D25 /* NewsCell */ = {
			isa = PBXGroup;
			children = (
				555D57AC29D72033001D46C8 /* NewsCellItem.swift */,
				5502BDFE29D45C0D0071F585 /* NewsCell.swift */,
			);
			name = NewsCell;
			sourceTree = "<group>";
		};
		557F44CB29D6E67E003E1D25 /* CategoriesCell */ = {
			isa = PBXGroup;
			children = (
				557F44CC29D6E68F003E1D25 /* CategoriesCell.swift */,
			);
			name = CategoriesCell;
			sourceTree = "<group>";
		};
		55BC00B229C08D3D007EDFEC = {
			isa = PBXGroup;
			children = (
				55BC00BD29C08D3D007EDFEC /* DunbleNews */,
				5558FFF929DC453300D51A29 /* DunbleNewsTests */,
				55BC00BC29C08D3D007EDFEC /* Products */,
			);
			sourceTree = "<group>";
		};
		55BC00BC29C08D3D007EDFEC /* Products */ = {
			isa = PBXGroup;
			children = (
				55BC00BB29C08D3D007EDFEC /* DunbleNews.app */,
				5558FFF829DC453300D51A29 /* DunbleNewsTests.xctest */,
			);
			name = Products;
			sourceTree = "<group>";
		};
		55BC00BD29C08D3D007EDFEC /* DunbleNews */ = {
			isa = PBXGroup;
			children = (
				556BA18429D5B7EB000AFF2E /* Info.plist */,
				5502BE0229D4629E0071F585 /* Extensions */,
				552827CD29C0977000917F95 /* Views */,
				552827CC29C0974600917F95 /* Service */,
				55BC00D229C090E3007EDFEC /* Models */,
				55BC00CD29C0907C007EDFEC /* Screens */,
				55BC00CC29C0906F007EDFEC /* Core */,
				55BC00C229C08D3E007EDFEC /* Assets.xcassets */,
				55BC00C429C08D3E007EDFEC /* Preview Content */,
			);
			path = DunbleNews;
			sourceTree = "<group>";
		};
		55BC00C429C08D3E007EDFEC /* Preview Content */ = {
			isa = PBXGroup;
			children = (
				55BC00C529C08D3E007EDFEC /* Preview Assets.xcassets */,
			);
			path = "Preview Content";
			sourceTree = "<group>";
		};
		55BC00CC29C0906F007EDFEC /* Core */ = {
			isa = PBXGroup;
			children = (
				5502BDF129D4549C0071F585 /* BaseViewModel */,
				55BC00BE29C08D3D007EDFEC /* DunbleNewsApp.swift */,
			);
			path = Core;
			sourceTree = "<group>";
		};
		55BC00CD29C0907C007EDFEC /* Screens */ = {
			isa = PBXGroup;
			children = (
				555D57AE29D724E4001D46C8 /* SelectedDiscoverView */,
				55BC00DD29C0945F007EDFEC /* DiscoverView */,
				55BC00DC29C09456007EDFEC /* SearchView */,
				55BC00DB29C0944F007EDFEC /* HomeView */,
				55BC00CE29C09081007EDFEC /* TabBar */,
			);
			path = Screens;
			sourceTree = "<group>";
		};
		55BC00CE29C09081007EDFEC /* TabBar */ = {
			isa = PBXGroup;
			children = (
				55BC00D929C093B2007EDFEC /* TabbarView.swift */,
			);
			path = TabBar;
			sourceTree = "<group>";
		};
		55BC00D229C090E3007EDFEC /* Models */ = {
			isa = PBXGroup;
			children = (
				552827DD29C09F3000917F95 /* ServiceModels */,
				552827D729C09D7000917F95 /* Countries.swift */,
				55BC00D429C090F9007EDFEC /* MenuItemType.swift */,
				557F44C829D6E55A003E1D25 /* Categories.swift */,
			);
			path = Models;
			sourceTree = "<group>";
		};
		55BC00DB29C0944F007EDFEC /* HomeView */ = {
			isa = PBXGroup;
			children = (
				55BC00E229C09483007EDFEC /* HomeView.swift */,
				5502BDF629D455330071F585 /* HomeViewModel.swift */,
				5502BDF829D455990071F585 /* HomeViewStates.swift */,
			);
			path = HomeView;
			sourceTree = "<group>";
		};
		55BC00DC29C09456007EDFEC /* SearchView */ = {
			isa = PBXGroup;
			children = (
				55BC00E029C09478007EDFEC /* SearchView.swift */,
				55966FF529D834470064E7A4 /* SearchViewModel.swift */,
				55966FF729D834510064E7A4 /* SearchViewStates.swift */,
			);
			path = SearchView;
			sourceTree = "<group>";
		};
		55BC00DD29C0945F007EDFEC /* DiscoverView */ = {
			isa = PBXGroup;
			children = (
				55BC00DE29C09470007EDFEC /* DiscoverView.swift */,
				557F44D029D6F08E003E1D25 /* DiscoveryViewModel.swift */,
				557F44D229D6F0B2003E1D25 /* DiscoveryViewStates.swift */,
			);
			path = DiscoverView;
			sourceTree = "<group>";
		};
/* End PBXGroup section */

/* Begin PBXNativeTarget section */
		5558FFF729DC453300D51A29 /* DunbleNewsTests */ = {
			isa = PBXNativeTarget;
			buildConfigurationList = 5558000029DC453300D51A29 /* Build configuration list for PBXNativeTarget "DunbleNewsTests" */;
			buildPhases = (
				5558FFF429DC453300D51A29 /* Sources */,
				5558FFF529DC453300D51A29 /* Frameworks */,
				5558FFF629DC453300D51A29 /* Resources */,
			);
			buildRules = (
			);
			dependencies = (
				5558FFFD29DC453300D51A29 /* PBXTargetDependency */,
			);
			name = DunbleNewsTests;
			productName = DunbleNewsTests;
			productReference = 5558FFF829DC453300D51A29 /* DunbleNewsTests.xctest */;
			productType = "com.apple.product-type.bundle.unit-test";
		};
		55BC00BA29C08D3D007EDFEC /* DunbleNews */ = {
			isa = PBXNativeTarget;
			buildConfigurationList = 55BC00C929C08D3E007EDFEC /* Build configuration list for PBXNativeTarget "DunbleNews" */;
			buildPhases = (
				55BC00B729C08D3D007EDFEC /* Sources */,
				55BC00B829C08D3D007EDFEC /* Frameworks */,
				55BC00B929C08D3D007EDFEC /* Resources */,
			);
			buildRules = (
			);
			dependencies = (
			);
			name = DunbleNews;
			productName = DunbleNews;
			productReference = 55BC00BB29C08D3D007EDFEC /* DunbleNews.app */;
			productType = "com.apple.product-type.application";
		};
/* End PBXNativeTarget section */

/* Begin PBXProject section */
		55BC00B329C08D3D007EDFEC /* Project object */ = {
			isa = PBXProject;
			attributes = {
				BuildIndependentTargetsInParallel = 1;
				LastSwiftUpdateCheck = 1430;
				LastUpgradeCheck = 1420;
				TargetAttributes = {
					5558FFF729DC453300D51A29 = {
						CreatedOnToolsVersion = 14.3;
						TestTargetID = 55BC00BA29C08D3D007EDFEC;
					};
					55BC00BA29C08D3D007EDFEC = {
						CreatedOnToolsVersion = 14.2;
					};
				};
			};
			buildConfigurationList = 55BC00B629C08D3D007EDFEC /* Build configuration list for PBXProject "DunbleNews" */;
			compatibilityVersion = "Xcode 14.0";
			developmentRegion = en;
			hasScannedForEncodings = 0;
			knownRegions = (
				en,
				Base,
			);
			mainGroup = 55BC00B229C08D3D007EDFEC;
			productRefGroup = 55BC00BC29C08D3D007EDFEC /* Products */;
			projectDirPath = "";
			projectRoot = "";
			targets = (
				55BC00BA29C08D3D007EDFEC /* DunbleNews */,
				5558FFF729DC453300D51A29 /* DunbleNewsTests */,
			);
		};
/* End PBXProject section */

/* Begin PBXResourcesBuildPhase section */
		5558FFF629DC453300D51A29 /* Resources */ = {
			isa = PBXResourcesBuildPhase;
			buildActionMask = 2147483647;
			files = (
				55A48F2C29DC65E90097AAA1 /* NewsResponse.json in Resources */,
			);
			runOnlyForDeploymentPostprocessing = 0;
		};
		55BC00B929C08D3D007EDFEC /* Resources */ = {
			isa = PBXResourcesBuildPhase;
			buildActionMask = 2147483647;
			files = (
				55BC00C629C08D3E007EDFEC /* Preview Assets.xcassets in Resources */,
				55BC00C329C08D3E007EDFEC /* Assets.xcassets in Resources */,
			);
			runOnlyForDeploymentPostprocessing = 0;
		};
/* End PBXResourcesBuildPhase section */

/* Begin PBXSourcesBuildPhase section */
		5558FFF429DC453300D51A29 /* Sources */ = {
			isa = PBXSourcesBuildPhase;
			buildActionMask = 2147483647;
			files = (
				5558000729DC461A00D51A29 /* MockHttpClient.swift in Sources */,
				5558FFFB29DC453300D51A29 /* DunbleNewsTests.swift in Sources */,
				5558000429DC45DB00D51A29 /* Mockable.swift in Sources */,
				5558000A29DC52D900D51A29 /* HomeViewModelTest.swift in Sources */,
			);
			runOnlyForDeploymentPostprocessing = 0;
		};
		55BC00B729C08D3D007EDFEC /* Sources */ = {
			isa = PBXSourcesBuildPhase;
			buildActionMask = 2147483647;
			files = (
				5502BDF729D455330071F585 /* HomeViewModel.swift in Sources */,
				557F44C929D6E55A003E1D25 /* Categories.swift in Sources */,
				552827DC29C09EF500917F95 /* Services.swift in Sources */,
				5502BE0629D474880071F585 /* StaggeredGrid.swift in Sources */,
				55966FF629D834470064E7A4 /* SearchViewModel.swift in Sources */,
				55966FFD29D84C220064E7A4 /* Date+Extension.swift in Sources */,
				552827D829C09D7000917F95 /* Countries.swift in Sources */,
				552827D629C098A500917F95 /* RequestMethods.swift in Sources */,
				555D57B029D724FD001D46C8 /* SelectedDiscoverView.swift in Sources */,
				55BC00D029C0909D007EDFEC /* TabItemView.swift in Sources */,
				556BA17B29D594AC000AFF2E /* CacheAsyncImage.swift in Sources */,
				556BA18329D5AC92000AFF2E /* TabbarModifier.swift in Sources */,
				55BC00BF29C08D3D007EDFEC /* DunbleNewsApp.swift in Sources */,
				552827D229C0983400917F95 /* AppViewBuilder.swift in Sources */,
				556BA17D29D5A782000AFF2E /* WebView.swift in Sources */,
				55BC00E129C09478007EDFEC /* SearchView.swift in Sources */,
				55BC00DA29C093B2007EDFEC /* TabbarView.swift in Sources */,
				556BA18129D5AC6A000AFF2E /* UIView+Extension.swift in Sources */,
				555D57AB29D71FB2001D46C8 /* CustomStateView.swift in Sources */,
				5596700129D850840064E7A4 /* Color+Extension.swift in Sources */,
				557F44D129D6F08E003E1D25 /* DiscoveryViewModel.swift in Sources */,
				555D57A729D71BB2001D46C8 /* NewsListView.swift in Sources */,
				5596700929D856C80064E7A4 /* Color.swift in Sources */,
				55BC00E329C09483007EDFEC /* HomeView.swift in Sources */,
				556BA17F29D5AAA9000AFF2E /* View+Extensions.swift in Sources */,
				5502BDF529D454E60071F585 /* BaseViewStates.swift in Sources */,
				5502BDFF29D45C0D0071F585 /* NewsCell.swift in Sources */,
				55BC00D529C090F9007EDFEC /* MenuItemType.swift in Sources */,
				555D57AD29D72033001D46C8 /* NewsCellItem.swift in Sources */,
				552827D429C0985D00917F95 /* Endpoints.swift in Sources */,
				5502BDF329D454C30071F585 /* BaseViewModel.swift in Sources */,
				552827DF29C09F4300917F95 /* ServiceModel.swift in Sources */,
				552827DA29C09EE300917F95 /* HttpClient.swift in Sources */,
				557F44D329D6F0B2003E1D25 /* DiscoveryViewStates.swift in Sources */,
				55BC00DF29C09470007EDFEC /* DiscoverView.swift in Sources */,
				557F44CD29D6E68F003E1D25 /* CategoriesCell.swift in Sources */,
				555D57B429D72511001D46C8 /* SelectedDiscoverViewStates.swift in Sources */,
				55966FF829D834510064E7A4 /* SearchViewStates.swift in Sources */,
				5502BDF929D455990071F585 /* HomeViewStates.swift in Sources */,
				555D57B229D7250A001D46C8 /* SelectedDiscoverViewModel.swift in Sources */,
				55966FFF29D84C5C0064E7A4 /* String+Extension.swift in Sources */,
			);
			runOnlyForDeploymentPostprocessing = 0;
		};
/* End PBXSourcesBuildPhase section */

/* Begin PBXTargetDependency section */
		5558FFFD29DC453300D51A29 /* PBXTargetDependency */ = {
			isa = PBXTargetDependency;
			target = 55BC00BA29C08D3D007EDFEC /* DunbleNews */;
			targetProxy = 5558FFFC29DC453300D51A29 /* PBXContainerItemProxy */;
		};
/* End PBXTargetDependency section */

/* Begin XCBuildConfiguration section */
		5558FFFE29DC453300D51A29 /* Debug */ = {
			isa = XCBuildConfiguration;
			buildSettings = {
				BUNDLE_LOADER = "$(TEST_HOST)";
				CODE_SIGN_STYLE = Automatic;
				CURRENT_PROJECT_VERSION = 1;
				DEVELOPMENT_TEAM = UTN2596CAS;
				GENERATE_INFOPLIST_FILE = YES;
				IPHONEOS_DEPLOYMENT_TARGET = 16.4;
				MARKETING_VERSION = 1.0;
				PRODUCT_BUNDLE_IDENTIFIER = brsrld.DunbleNewsTests;
				PRODUCT_NAME = "$(TARGET_NAME)";
				SWIFT_EMIT_LOC_STRINGS = NO;
				SWIFT_VERSION = 5.0;
				TARGETED_DEVICE_FAMILY = "1,2";
				TEST_HOST = "$(BUILT_PRODUCTS_DIR)/DunbleNews.app/$(BUNDLE_EXECUTABLE_FOLDER_PATH)/DunbleNews";
			};
			name = Debug;
		};
		5558FFFF29DC453300D51A29 /* Release */ = {
			isa = XCBuildConfiguration;
			buildSettings = {
				BUNDLE_LOADER = "$(TEST_HOST)";
				CODE_SIGN_STYLE = Automatic;
				CURRENT_PROJECT_VERSION = 1;
				DEVELOPMENT_TEAM = UTN2596CAS;
				GENERATE_INFOPLIST_FILE = YES;
				IPHONEOS_DEPLOYMENT_TARGET = 16.4;
				MARKETING_VERSION = 1.0;
				PRODUCT_BUNDLE_IDENTIFIER = brsrld.DunbleNewsTests;
				PRODUCT_NAME = "$(TARGET_NAME)";
				SWIFT_EMIT_LOC_STRINGS = NO;
				SWIFT_VERSION = 5.0;
				TARGETED_DEVICE_FAMILY = "1,2";
				TEST_HOST = "$(BUILT_PRODUCTS_DIR)/DunbleNews.app/$(BUNDLE_EXECUTABLE_FOLDER_PATH)/DunbleNews";
			};
			name = Release;
		};
		55BC00C729C08D3E007EDFEC /* Debug */ = {
			isa = XCBuildConfiguration;
			buildSettings = {
				ALWAYS_SEARCH_USER_PATHS = NO;
				CLANG_ANALYZER_NONNULL = YES;
				CLANG_ANALYZER_NUMBER_OBJECT_CONVERSION = YES_AGGRESSIVE;
				CLANG_CXX_LANGUAGE_STANDARD = "gnu++20";
				CLANG_ENABLE_MODULES = YES;
				CLANG_ENABLE_OBJC_ARC = YES;
				CLANG_ENABLE_OBJC_WEAK = YES;
				CLANG_WARN_BLOCK_CAPTURE_AUTORELEASING = YES;
				CLANG_WARN_BOOL_CONVERSION = YES;
				CLANG_WARN_COMMA = YES;
				CLANG_WARN_CONSTANT_CONVERSION = YES;
				CLANG_WARN_DEPRECATED_OBJC_IMPLEMENTATIONS = YES;
				CLANG_WARN_DIRECT_OBJC_ISA_USAGE = YES_ERROR;
				CLANG_WARN_DOCUMENTATION_COMMENTS = YES;
				CLANG_WARN_EMPTY_BODY = YES;
				CLANG_WARN_ENUM_CONVERSION = YES;
				CLANG_WARN_INFINITE_RECURSION = YES;
				CLANG_WARN_INT_CONVERSION = YES;
				CLANG_WARN_NON_LITERAL_NULL_CONVERSION = YES;
				CLANG_WARN_OBJC_IMPLICIT_RETAIN_SELF = YES;
				CLANG_WARN_OBJC_LITERAL_CONVERSION = YES;
				CLANG_WARN_OBJC_ROOT_CLASS = YES_ERROR;
				CLANG_WARN_QUOTED_INCLUDE_IN_FRAMEWORK_HEADER = YES;
				CLANG_WARN_RANGE_LOOP_ANALYSIS = YES;
				CLANG_WARN_STRICT_PROTOTYPES = YES;
				CLANG_WARN_SUSPICIOUS_MOVE = YES;
				CLANG_WARN_UNGUARDED_AVAILABILITY = YES_AGGRESSIVE;
				CLANG_WARN_UNREACHABLE_CODE = YES;
				CLANG_WARN__DUPLICATE_METHOD_MATCH = YES;
				COPY_PHASE_STRIP = NO;
				DEBUG_INFORMATION_FORMAT = dwarf;
				ENABLE_STRICT_OBJC_MSGSEND = YES;
				ENABLE_TESTABILITY = YES;
				GCC_C_LANGUAGE_STANDARD = gnu11;
				GCC_DYNAMIC_NO_PIC = NO;
				GCC_NO_COMMON_BLOCKS = YES;
				GCC_OPTIMIZATION_LEVEL = 0;
				GCC_PREPROCESSOR_DEFINITIONS = (
					"DEBUG=1",
					"$(inherited)",
				);
				GCC_WARN_64_TO_32_BIT_CONVERSION = YES;
				GCC_WARN_ABOUT_RETURN_TYPE = YES_ERROR;
				GCC_WARN_UNDECLARED_SELECTOR = YES;
				GCC_WARN_UNINITIALIZED_AUTOS = YES_AGGRESSIVE;
				GCC_WARN_UNUSED_FUNCTION = YES;
				GCC_WARN_UNUSED_VARIABLE = YES;
				IPHONEOS_DEPLOYMENT_TARGET = 16.2;
				MTL_ENABLE_DEBUG_INFO = INCLUDE_SOURCE;
				MTL_FAST_MATH = YES;
				ONLY_ACTIVE_ARCH = YES;
				SDKROOT = iphoneos;
				SWIFT_ACTIVE_COMPILATION_CONDITIONS = DEBUG;
				SWIFT_OPTIMIZATION_LEVEL = "-Onone";
			};
			name = Debug;
		};
		55BC00C829C08D3E007EDFEC /* Release */ = {
			isa = XCBuildConfiguration;
			buildSettings = {
				ALWAYS_SEARCH_USER_PATHS = NO;
				CLANG_ANALYZER_NONNULL = YES;
				CLANG_ANALYZER_NUMBER_OBJECT_CONVERSION = YES_AGGRESSIVE;
				CLANG_CXX_LANGUAGE_STANDARD = "gnu++20";
				CLANG_ENABLE_MODULES = YES;
				CLANG_ENABLE_OBJC_ARC = YES;
				CLANG_ENABLE_OBJC_WEAK = YES;
				CLANG_WARN_BLOCK_CAPTURE_AUTORELEASING = YES;
				CLANG_WARN_BOOL_CONVERSION = YES;
				CLANG_WARN_COMMA = YES;
				CLANG_WARN_CONSTANT_CONVERSION = YES;
				CLANG_WARN_DEPRECATED_OBJC_IMPLEMENTATIONS = YES;
				CLANG_WARN_DIRECT_OBJC_ISA_USAGE = YES_ERROR;
				CLANG_WARN_DOCUMENTATION_COMMENTS = YES;
				CLANG_WARN_EMPTY_BODY = YES;
				CLANG_WARN_ENUM_CONVERSION = YES;
				CLANG_WARN_INFINITE_RECURSION = YES;
				CLANG_WARN_INT_CONVERSION = YES;
				CLANG_WARN_NON_LITERAL_NULL_CONVERSION = YES;
				CLANG_WARN_OBJC_IMPLICIT_RETAIN_SELF = YES;
				CLANG_WARN_OBJC_LITERAL_CONVERSION = YES;
				CLANG_WARN_OBJC_ROOT_CLASS = YES_ERROR;
				CLANG_WARN_QUOTED_INCLUDE_IN_FRAMEWORK_HEADER = YES;
				CLANG_WARN_RANGE_LOOP_ANALYSIS = YES;
				CLANG_WARN_STRICT_PROTOTYPES = YES;
				CLANG_WARN_SUSPICIOUS_MOVE = YES;
				CLANG_WARN_UNGUARDED_AVAILABILITY = YES_AGGRESSIVE;
				CLANG_WARN_UNREACHABLE_CODE = YES;
				CLANG_WARN__DUPLICATE_METHOD_MATCH = YES;
				COPY_PHASE_STRIP = NO;
				DEBUG_INFORMATION_FORMAT = "dwarf-with-dsym";
				ENABLE_NS_ASSERTIONS = NO;
				ENABLE_STRICT_OBJC_MSGSEND = YES;
				GCC_C_LANGUAGE_STANDARD = gnu11;
				GCC_NO_COMMON_BLOCKS = YES;
				GCC_WARN_64_TO_32_BIT_CONVERSION = YES;
				GCC_WARN_ABOUT_RETURN_TYPE = YES_ERROR;
				GCC_WARN_UNDECLARED_SELECTOR = YES;
				GCC_WARN_UNINITIALIZED_AUTOS = YES_AGGRESSIVE;
				GCC_WARN_UNUSED_FUNCTION = YES;
				GCC_WARN_UNUSED_VARIABLE = YES;
				IPHONEOS_DEPLOYMENT_TARGET = 16.2;
				MTL_ENABLE_DEBUG_INFO = NO;
				MTL_FAST_MATH = YES;
				SDKROOT = iphoneos;
				SWIFT_COMPILATION_MODE = wholemodule;
				SWIFT_OPTIMIZATION_LEVEL = "-O";
				VALIDATE_PRODUCT = YES;
			};
			name = Release;
		};
		55BC00CA29C08D3E007EDFEC /* Debug */ = {
			isa = XCBuildConfiguration;
			buildSettings = {
				ASSETCATALOG_COMPILER_APPICON_NAME = AppIcon;
				ASSETCATALOG_COMPILER_GLOBAL_ACCENT_COLOR_NAME = AccentColor;
				ASSETCATALOG_COMPILER_INCLUDE_ALL_APPICON_ASSETS = YES;
				CODE_SIGN_STYLE = Automatic;
				CURRENT_PROJECT_VERSION = 1;
				DEVELOPMENT_ASSET_PATHS = "\"DunbleNews/Preview Content\"";
				DEVELOPMENT_TEAM = UTN2596CAS;
				ENABLE_PREVIEWS = YES;
				GENERATE_INFOPLIST_FILE = YES;
				INFOPLIST_FILE = DunbleNews/Info.plist;
				INFOPLIST_KEY_LSApplicationCategoryType = "public.app-category.news";
				INFOPLIST_KEY_UIApplicationSupportsIndirectInputEvents = YES;
				INFOPLIST_KEY_UILaunchScreen_Generation = YES;
				INFOPLIST_KEY_UIRequiresFullScreen = YES;
				INFOPLIST_KEY_UIStatusBarStyle = "";
				INFOPLIST_KEY_UISupportedInterfaceOrientations = "UIInterfaceOrientationLandscapeLeft UIInterfaceOrientationLandscapeRight UIInterfaceOrientationPortrait UIInterfaceOrientationPortraitUpsideDown";
				IPHONEOS_DEPLOYMENT_TARGET = 15.6;
				LD_RUNPATH_SEARCH_PATHS = (
					"$(inherited)",
					"@executable_path/Frameworks",
				);
				MARKETING_VERSION = 1.0;
				PRODUCT_BUNDLE_IDENTIFIER = brsrld.DunbleNews;
				PRODUCT_NAME = "$(TARGET_NAME)";
				SWIFT_EMIT_LOC_STRINGS = YES;
				SWIFT_VERSION = 5.0;
				TARGETED_DEVICE_FAMILY = "1,2";
			};
			name = Debug;
		};
		55BC00CB29C08D3E007EDFEC /* Release */ = {
			isa = XCBuildConfiguration;
			buildSettings = {
				ASSETCATALOG_COMPILER_APPICON_NAME = AppIcon;
				ASSETCATALOG_COMPILER_GLOBAL_ACCENT_COLOR_NAME = AccentColor;
				ASSETCATALOG_COMPILER_INCLUDE_ALL_APPICON_ASSETS = YES;
				CODE_SIGN_STYLE = Automatic;
				CURRENT_PROJECT_VERSION = 1;
				DEVELOPMENT_ASSET_PATHS = "\"DunbleNews/Preview Content\"";
				DEVELOPMENT_TEAM = UTN2596CAS;
				ENABLE_PREVIEWS = YES;
				GENERATE_INFOPLIST_FILE = YES;
				INFOPLIST_FILE = DunbleNews/Info.plist;
				INFOPLIST_KEY_LSApplicationCategoryType = "public.app-category.news";
				INFOPLIST_KEY_UIApplicationSupportsIndirectInputEvents = YES;
				INFOPLIST_KEY_UILaunchScreen_Generation = YES;
				INFOPLIST_KEY_UIRequiresFullScreen = YES;
				INFOPLIST_KEY_UIStatusBarStyle = "";
				INFOPLIST_KEY_UISupportedInterfaceOrientations = "UIInterfaceOrientationLandscapeLeft UIInterfaceOrientationLandscapeRight UIInterfaceOrientationPortrait UIInterfaceOrientationPortraitUpsideDown";
				IPHONEOS_DEPLOYMENT_TARGET = 15.6;
				LD_RUNPATH_SEARCH_PATHS = (
					"$(inherited)",
					"@executable_path/Frameworks",
				);
				MARKETING_VERSION = 1.0;
				PRODUCT_BUNDLE_IDENTIFIER = brsrld.DunbleNews;
				PRODUCT_NAME = "$(TARGET_NAME)";
				SWIFT_EMIT_LOC_STRINGS = YES;
				SWIFT_VERSION = 5.0;
				TARGETED_DEVICE_FAMILY = "1,2";
			};
			name = Release;
		};
/* End XCBuildConfiguration section */

/* Begin XCConfigurationList section */
		5558000029DC453300D51A29 /* Build configuration list for PBXNativeTarget "DunbleNewsTests" */ = {
			isa = XCConfigurationList;
			buildConfigurations = (
				5558FFFE29DC453300D51A29 /* Debug */,
				5558FFFF29DC453300D51A29 /* Release */,
			);
			defaultConfigurationIsVisible = 0;
			defaultConfigurationName = Release;
		};
		55BC00B629C08D3D007EDFEC /* Build configuration list for PBXProject "DunbleNews" */ = {
			isa = XCConfigurationList;
			buildConfigurations = (
				55BC00C729C08D3E007EDFEC /* Debug */,
				55BC00C829C08D3E007EDFEC /* Release */,
			);
			defaultConfigurationIsVisible = 0;
			defaultConfigurationName = Release;
		};
		55BC00C929C08D3E007EDFEC /* Build configuration list for PBXNativeTarget "DunbleNews" */ = {
			isa = XCConfigurationList;
			buildConfigurations = (
				55BC00CA29C08D3E007EDFEC /* Debug */,
				55BC00CB29C08D3E007EDFEC /* Release */,
			);
			defaultConfigurationIsVisible = 0;
			defaultConfigurationName = Release;
		};
/* End XCConfigurationList section */
	};
	rootObject = 55BC00B329C08D3D007EDFEC /* Project object */;
}
